
Microsoft Visual Studio Solution File, Format Version 12.00
# Visual Studio Version 17
VisualStudioVersion = 17.5.33530.505
MinimumVisualStudioVersion = 10.0.40219.1
Project("{FAE04EC0-301F-11D3-BF4B-00C04F79EFBC}") = "PingPong-Game", "PingPong-Game.csproj", "{A333E03F-F9E9-4FC0-B90C-28D011684CAC}"
EndProject
Global
	GlobalSection(SolutionConfigurationPlatforms) = preSolution
		Debug|Any CPU = Debug|Any CPU
		Release|Any CPU = Release|Any CPU
	EndGlobalSection
	GlobalSection(ProjectConfigurationPlatforms) = postSolution
		{A333E03F-F9E9-4FC0-B90C-28D011684CAC}.Debug|Any CPU.ActiveCfg = Debug|Any CPU
		{A333E03F-F9E9-4FC0-B90C-28D011684CAC}.Debug|Any CPU.Build.0 = Debug|Any CPU
		{A333E03F-F9E9-4FC0-B90C-28D011684CAC}.Release|Any CPU.ActiveCfg = Release|Any CPU
		{A333E03F-F9E9-4FC0-B90C-28D011684CAC}.Release|Any CPU.Build.0 = Release|Any CPU
	EndGlobalSection
	GlobalSection(SolutionProperties) = preSolution
		HideSolutionNode = FALSE
	EndGlobalSection
	GlobalSection(ExtensibilityGlobals) = postSolution
		SolutionGuid = {ECFE89EE-4E6B-430B-AC63-3C1BE1DFAF38}
	EndGlobalSection
EndGlobal
